Microsoft Visual Studio Solution File, Format Version 12.00
# Visual Studio Version 17
VisualStudioVersion = 17.0.31903.59
MinimumVisualStudioVersion = 10.0.40219.1

# =============================================================================
# ROOT SOLUTION FOLDER
# =============================================================================

# =============================================================================
# INFRASTRUCTURE PROJECTS
# =============================================================================
Project("{FAE04EC0-301F-11D3-BF4B-00C04F79EFBC}") = "AppHost", "src\AppHost\AppHost.csproj", "{A1B2C3D4-E5F6-7890-ABCD-EF1234567890}"
EndProject
Project("{FAE04EC0-301F-11D3-BF4B-00C04F79EFBC}") = "ServiceDefaults", "src\ServiceDefaults\ServiceDefaults.csproj", "{00000000-0000-0000-0000-000000000000}"
EndProject

# =============================================================================
# SHARED KERNEL
# =============================================================================
Project("{2150E333-8FDC-42A3-9474-1A3956D46DE8}") = "SharedKernel", "SharedKernel", "{00000000-0000-0000-0000-000000000000}"
EndProject
Project("{FAE04EC0-301F-11D3-BF4B-00C04F79EFBC}") = "AGS.WindowsAndDoors.SharedKernel", "src\SharedKernel\AGS.WindowsAndDoors.SharedKernel\AGS.WindowsAndDoors.SharedKernel.csproj", "{00000000-0000-0000-0000-000000000000}"
EndProject

# =============================================================================
# BOUNDED CONTEXTS
# =============================================================================
Project("{2150E333-8FDC-42A3-9474-1A3956D46DE8}") = "BoundedContexts", "BoundedContexts", "{00000000-0000-0000-0000-000000000000}"
EndProject

# ProductCatalog Bounded Context
Project("{2150E333-8FDC-42A3-9474-1A3956D46DE8}") = "ProductCatalog", "ProductCatalog", "{00000000-0000-0000-0000-000000000000}"
EndProject
Project("{FAE04EC0-301F-11D3-BF4B-00C04F79EFBC}") = "AGS.WindowsAndDoors.ProductCatalog.Domain", "src\BoundedContexts\ProductCatalog\AGS.WindowsAndDoors.ProductCatalog.Domain\AGS.WindowsAndDoors.ProductCatalog.Domain.csproj", "{00000000-0000-0000-0000-000000000000}"
EndProject
Project("{FAE04EC0-301F-11D3-BF4B-00C04F79EFBC}") = "AGS.WindowsAndDoors.ProductCatalog.Application", "src\BoundedContexts\ProductCatalog\AGS.WindowsAndDoors.ProductCatalog.Application\AGS.WindowsAndDoors.ProductCatalog.Application.csproj", "{00000000-0000-0000-0000-000000000000}"
EndProject
Project("{FAE04EC0-301F-11D3-BF4B-00C04F79EFBC}") = "AGS.WindowsAndDoors.ProductCatalog.Infrastructure", "src\BoundedContexts\ProductCatalog\AGS.WindowsAndDoors.ProductCatalog.Infrastructure\AGS.WindowsAndDoors.ProductCatalog.Infrastructure.csproj", "{00000000-0000-0000-0000-000000000000}"
EndProject
Project("{FAE04EC0-301F-11D3-BF4B-00C04F79EFBC}") = "AGS.WindowsAndDoors.ProductCatalog.Tests", "src\BoundedContexts\ProductCatalog\AGS.WindowsAndDoors.ProductCatalog.Tests\AGS.WindowsAndDoors.ProductCatalog.Tests.csproj", "{F7A8B9C0-1D2E-3F4A-5B6C-7D8E9F0A1B2C}"
EndProject

# ProductDesign Bounded Context
Project("{2150E333-8FDC-42A3-9474-1A3956D46DE8}") = "ProductDesign", "ProductDesign", "{00000000-0000-0000-0000-000000000000}"
EndProject
Project("{FAE04EC0-301F-11D3-BF4B-00C04F79EFBC}") = "AGS.WindowsAndDoors.ProductDesign.Domain", "src\BoundedContexts\ProductDesign\AGS.WindowsAndDoors.ProductDesign.Domain\AGS.WindowsAndDoors.ProductDesign.Domain.csproj", "{00000000-0000-0000-0000-000000000000}"
EndProject
Project("{FAE04EC0-301F-11D3-BF4B-00C04F79EFBC}") = "AGS.WindowsAndDoors.ProductDesign.Application", "src\BoundedContexts\ProductDesign\AGS.WindowsAndDoors.ProductDesign.Application\AGS.WindowsAndDoors.ProductDesign.Application.csproj", "{00000000-0000-0000-0000-000000000000}"
EndProject
Project("{FAE04EC0-301F-11D3-BF4B-00C04F79EFBC}") = "AGS.WindowsAndDoors.ProductDesign.Infrastructure", "src\BoundedContexts\ProductDesign\AGS.WindowsAndDoors.ProductDesign.Infrastructure\AGS.WindowsAndDoors.ProductDesign.Infrastructure.csproj", "{00000000-0000-0000-0000-000000000000}"
EndProject

# OrderProcessing Bounded Context
Project("{2150E333-8FDC-42A3-9474-1A3956D46DE8}") = "OrderProcessing", "OrderProcessing", "{00000000-0000-0000-0000-000000000000}"
EndProject
Project("{FAE04EC0-301F-11D3-BF4B-00C04F79EFBC}") = "AGS.WindowsAndDoors.OrderProcessing.Domain", "src\BoundedContexts\OrderProcessing\AGS.WindowsAndDoors.OrderProcessing.Domain\AGS.WindowsAndDoors.OrderProcessing.Domain.csproj", "{00000000-0000-0000-0000-000000000000}"
EndProject
Project("{FAE04EC0-301F-11D3-BF4B-00C04F79EFBC}") = "AGS.WindowsAndDoors.OrderProcessing.Application", "src\BoundedContexts\OrderProcessing\AGS.WindowsAndDoors.OrderProcessing.Application\AGS.WindowsAndDoors.OrderProcessing.Application.csproj", "{00000000-0000-0000-0000-000000000000}"
EndProject
Project("{FAE04EC0-301F-11D3-BF4B-00C04F79EFBC}") = "AGS.WindowsAndDoors.OrderProcessing.Infrastructure", "src\BoundedContexts\OrderProcessing\AGS.WindowsAndDoors.OrderProcessing.Infrastructure\AGS.WindowsAndDoors.OrderProcessing.Infrastructure.csproj", "{00000000-0000-0000-0000-000000000000}"
EndProject

# =============================================================================
# PRESENTATION LAYER
# =============================================================================
Project("{2150E333-8FDC-42A3-9474-1A3956D46DE8}") = "Presentation", "Presentation", "{00000000-0000-0000-0000-000000000000}"
EndProject
Project("{2150E333-8FDC-42A3-9474-1A3956D46DE8}") = "Backend", "Backend", "{00000000-0000-0000-0000-000000000000}"
EndProject
Project("{FAE04EC0-301F-11D3-BF4B-00C04F79EFBC}") = "AGS.WindowsAndDoors.WebAPI", "src\Presentation\Backend\AGS.WindowsAndDoors.WebAPI\AGS.WindowsAndDoors.WebAPI.csproj", "{00000000-0000-0000-0000-000000000000}"
EndProject
Project("{2150E333-8FDC-42A3-9474-1A3956D46DE8}") = "Frontend", "Frontend", "{00000000-0000-0000-0000-000000000000}"
EndProject

Global
	GlobalSection(SolutionConfigurationPlatforms) = preSolution
		Debug|Any CPU = Debug|Any CPU
		Release|Any CPU = Release|Any CPU
	EndGlobalSection
	GlobalSection(ProjectConfigurationPlatforms) = postSolution
		{A1B2C3D4-E5F6-7890-ABCD-EF1234567890}.Debug|Any CPU.ActiveCfg = Debug|Any CPU
		{A1B2C3D4-E5F6-7890-ABCD-EF1234567890}.Debug|Any CPU.Build.0 = Debug|Any CPU
		{A1B2C3D4-E5F6-7890-ABCD-EF1234567890}.Release|Any CPU.ActiveCfg = Release|Any CPU
		{A1B2C3D4-E5F6-7890-ABCD-EF1234567890}.Release|Any CPU.Build.0 = Release|Any CPU
		{B2C3D4E5-F6G7-8901-BCDE-F23456789012}.Debug|Any CPU.ActiveCfg = Debug|Any CPU
		{B2C3D4E5-F6G7-8901-BCDE-F23456789012}.Debug|Any CPU.Build.0 = Debug|Any CPU
		{B2C3D4E5-F6G7-8901-BCDE-F23456789012}.Release|Any CPU.ActiveCfg = Release|Any CPU
		{B2C3D4E5-F6G7-8901-BCDE-F23456789012}.Release|Any CPU.Build.0 = Release|Any CPU
		{D4E5F6G7-H8I9-0123-DEF0-456789012345}.Debug|Any CPU.ActiveCfg = Debug|Any CPU
		{D4E5F6G7-H8I9-0123-DEF0-456789012345}.Debug|Any CPU.Build.0 = Debug|Any CPU
		{D4E5F6G7-H8I9-0123-DEF0-456789012345}.Release|Any CPU.ActiveCfg = Release|Any CPU
		{D4E5F6G7-H8I9-0123-DEF0-456789012345}.Release|Any CPU.Build.0 = Release|Any CPU
		{G7H8I9J0-K1L2-3456-0123-789012345678}.Debug|Any CPU.ActiveCfg = Debug|Any CPU
		{G7H8I9J0-K1L2-3456-0123-789012345678}.Debug|Any CPU.Build.0 = Debug|Any CPU
		{G7H8I9J0-K1L2-3456-0123-789012345678}.Release|Any CPU.ActiveCfg = Release|Any CPU
		{G7H8I9J0-K1L2-3456-0123-789012345678}.Release|Any CPU.Build.0 = Release|Any CPU
		{H8I9J0K1-L2M3-4567-1234-890123456789}.Debug|Any CPU.ActiveCfg = Debug|Any CPU
		{H8I9J0K1-L2M3-4567-1234-890123456789}.Debug|Any CPU.Build.0 = Debug|Any CPU
		{H8I9J0K1-L2M3-4567-1234-890123456789}.Release|Any CPU.ActiveCfg = Release|Any CPU
		{H8I9J0K1-L2M3-4567-1234-890123456789}.Release|Any CPU.Build.0 = Release|Any CPU
		{I9J0K1L2-M3N4-5678-2345-901234567890}.Debug|Any CPU.ActiveCfg = Debug|Any CPU
		{I9J0K1L2-M3N4-5678-2345-901234567890}.Debug|Any CPU.Build.0 = Debug|Any CPU
		{I9J0K1L2-M3N4-5678-2345-901234567890}.Release|Any CPU.ActiveCfg = Release|Any CPU
		{I9J0K1L2-M3N4-5678-2345-901234567890}.Release|Any CPU.Build.0 = Release|Any CPU
		{F7A8B9C0-1D2E-3F4A-5B6C-7D8E9F0A1B2C}.Debug|Any CPU.ActiveCfg = Debug|Any CPU
		{F7A8B9C0-1D2E-3F4A-5B6C-7D8E9F0A1B2C}.Debug|Any CPU.Build.0 = Debug|Any CPU
		{F7A8B9C0-1D2E-3F4A-5B6C-7D8E9F0A1B2C}.Release|Any CPU.ActiveCfg = Release|Any CPU
		{F7A8B9C0-1D2E-3F4A-5B6C-7D8E9F0A1B2C}.Release|Any CPU.Build.0 = Release|Any CPU
		{K1L2M3N4-O5P6-7890-4567-123456789012}.Debug|Any CPU.ActiveCfg = Debug|Any CPU
		{K1L2M3N4-O5P6-7890-4567-123456789012}.Debug|Any CPU.Build.0 = Debug|Any CPU
		{K1L2M3N4-O5P6-7890-4567-123456789012}.Release|Any CPU.ActiveCfg = Release|Any CPU
		{K1L2M3N4-O5P6-7890-4567-123456789012}.Release|Any CPU.Build.0 = Release|Any CPU
		{L2M3N4O5-P6Q7-8901-5678-234567890123}.Debug|Any CPU.ActiveCfg = Debug|Any CPU
		{L2M3N4O5-P6Q7-8901-5678-234567890123}.Debug|Any CPU.Build.0 = Debug|Any CPU
		{L2M3N4O5-P6Q7-8901-5678-234567890123}.Release|Any CPU.ActiveCfg = Release|Any CPU
		{L2M3N4O5-P6Q7-8901-5678-234567890123}.Release|Any CPU.Build.0 = Release|Any CPU
		{M3N4O5P6-Q7R8-9012-6789-345678901234}.Debug|Any CPU.ActiveCfg = Debug|Any CPU
		{M3N4O5P6-Q7R8-9012-6789-345678901234}.Debug|Any CPU.Build.0 = Debug|Any CPU
		{M3N4O5P6-Q7R8-9012-6789-345678901234}.Release|Any CPU.ActiveCfg = Release|Any CPU
		{M3N4O5P6-Q7R8-9012-6789-345678901234}.Release|Any CPU.Build.0 = Release|Any CPU
		{O5P6Q7R8-S9T0-1234-89AB-567890123456}.Debug|Any CPU.ActiveCfg = Debug|Any CPU
		{O5P6Q7R8-S9T0-1234-89AB-567890123456}.Debug|Any CPU.Build.0 = Debug|Any CPU
		{O5P6Q7R8-S9T0-1234-89AB-567890123456}.Release|Any CPU.ActiveCfg = Release|Any CPU
		{O5P6Q7R8-S9T0-1234-89AB-567890123456}.Release|Any CPU.Build.0 = Release|Any CPU
		{P6Q7R8S9-T0U1-2345-9ABC-678901234567}.Debug|Any CPU.ActiveCfg = Debug|Any CPU
		{P6Q7R8S9-T0U1-2345-9ABC-678901234567}.Debug|Any CPU.Build.0 = Debug|Any CPU
		{P6Q7R8S9-T0U1-2345-9ABC-678901234567}.Release|Any CPU.ActiveCfg = Release|Any CPU
		{P6Q7R8S9-T0U1-2345-9ABC-678901234567}.Release|Any CPU.Build.0 = Release|Any CPU
		{Q7R8S9T0-U1V2-3456-ABCD-789012345678}.Debug|Any CPU.ActiveCfg = Debug|Any CPU
		{Q7R8S9T0-U1V2-3456-ABCD-789012345678}.Debug|Any CPU.Build.0 = Debug|Any CPU
		{Q7R8S9T0-U1V2-3456-ABCD-789012345678}.Release|Any CPU.ActiveCfg = Release|Any CPU
		{Q7R8S9T0-U1V2-3456-ABCD-789012345678}.Release|Any CPU.Build.0 = Release|Any CPU
		{T0U1V2W3-X4Y5-6789-DEF0-012345678901}.Debug|Any CPU.ActiveCfg = Debug|Any CPU
		{T0U1V2W3-X4Y5-6789-DEF0-012345678901}.Debug|Any CPU.Build.0 = Debug|Any CPU
		{T0U1V2W3-X4Y5-6789-DEF0-012345678901}.Release|Any CPU.ActiveCfg = Release|Any CPU
		{T0U1V2W3-X4Y5-6789-DEF0-012345678901}.Release|Any CPU.Build.0 = Release|Any CPU
	EndGlobalSection
	GlobalSection(NestedProjects) = preSolution
		# SharedKernel project under SharedKernel folder
		{D4E5F6G7-H8I9-0123-DEF0-456789012345} = {C3D4E5F6-G7H8-9012-CDEF-345678901234}
		# BoundedContexts solution folders
		{F6G7H8I9-J0K1-2345-F012-678901234567} = {E5F6G7H8-I9J0-1234-EF01-567890123456}
		{J0K1L2M3-N4O5-6789-3456-012345678901} = {E5F6G7H8-I9J0-1234-EF01-567890123456}
		{N4O5P6Q7-R8S9-0123-789A-456789012345} = {E5F6G7H8-I9J0-1234-EF01-567890123456}
		# ProductCatalog projects under ProductCatalog folder
		{G7H8I9J0-K1L2-3456-0123-789012345678} = {F6G7H8I9-J0K1-2345-F012-678901234567}
		{H8I9J0K1-L2M3-4567-1234-890123456789} = {F6G7H8I9-J0K1-2345-F012-678901234567}
		{I9J0K1L2-M3N4-5678-2345-901234567890} = {F6G7H8I9-J0K1-2345-F012-678901234567}
		# ProductDesign projects under ProductDesign folder
		{K1L2M3N4-O5P6-7890-4567-123456789012} = {J0K1L2M3-N4O5-6789-3456-012345678901}
		{L2M3N4O5-P6Q7-8901-5678-234567890123} = {J0K1L2M3-N4O5-6789-3456-012345678901}
		{M3N4O5P6-Q7R8-9012-6789-345678901234} = {J0K1L2M3-N4O5-6789-3456-012345678901}
		# OrderProcessing projects under OrderProcessing folder
		{O5P6Q7R8-S9T0-1234-89AB-567890123456} = {N4O5P6Q7-R8S9-0123-789A-456789012345}
		{P6Q7R8S9-T0U1-2345-9ABC-678901234567} = {N4O5P6Q7-R8S9-0123-789A-456789012345}
		{Q7R8S9T0-U1V2-3456-ABCD-789012345678} = {N4O5P6Q7-R8S9-0123-789A-456789012345}
		# Presentation projects under Presentation folders
		{S9T0U1V2-W3X4-5678-CDEF-901234567890} = {R8S9T0U1-V2W3-4567-BCDE-890123456789}
		{U1V2W3X4-Y5Z6-789A-EF01-123456789012} = {R8S9T0U1-V2W3-4567-BCDE-890123456789}
		{T0U1V2W3-X4Y5-6789-DEF0-012345678901} = {S9T0U1V2-W3X4-5678-CDEF-901234567890}
		{F7A8B9C0-1D2E-3F4A-5B6C-7D8E9F0A1B2C} = {00000000-0000-0000-0000-000000000000}
		{00000000-0000-0000-0000-000000000000} = {00000000-0000-0000-0000-000000000000}
	EndGlobalSection
EndGlobal
