Microsoft Visual Studio Solution File, Format Version 12.00
# Visual Studio Version 17
VisualStudioVersion = 17.0.31903.59
MinimumVisualStudioVersion = 10.0.40219.1

# =============================================================================
# ROOT SOLUTION FOLDER
# =============================================================================

# =============================================================================
# INFRASTRUCTURE PROJECTS
# =============================================================================
Project("{FAE04EC0-301F-11D3-BF4B-00C04F79EFBC}") = "AppHost", "src\AppHost\AppHost.csproj", "{00000000-0000-0000-0000-000000000000}"
EndProject
Project("{FAE04EC0-301F-11D3-BF4B-00C04F79EFBC}") = "ServiceDefaults", "src\ServiceDefaults\ServiceDefaults.csproj", "{00000000-0000-0000-0000-000000000000}"
EndProject

# =============================================================================
# SHARED KERNEL
# =============================================================================
Project("{2150E333-8FDC-42A3-9474-1A3956D46DE8}") = "SharedKernel", "SharedKernel", "{00000000-0000-0000-0000-000000000000}"
EndProject
Project("{FAE04EC0-301F-11D3-BF4B-00C04F79EFBC}") = "AGS.WindowsAndDoors.SharedKernel", "src\SharedKernel\AGS.WindowsAndDoors.SharedKernel\AGS.WindowsAndDoors.SharedKernel.csproj", "{00000000-0000-0000-0000-000000000000}"
EndProject

# =============================================================================
# BOUNDED CONTEXTS
# =============================================================================
Project("{2150E333-8FDC-42A3-9474-1A3956D46DE8}") = "BoundedContexts", "BoundedContexts", "{00000000-0000-0000-0000-000000000000}"
EndProject

# ProductCatalog Bounded Context
Project("{2150E333-8FDC-42A3-9474-1A3956D46DE8}") = "ProductCatalog", "ProductCatalog", "{00000000-0000-0000-0000-000000000000}"
EndProject
Project("{FAE04EC0-301F-11D3-BF4B-00C04F79EFBC}") = "AGS.WindowsAndDoors.ProductCatalog.Domain", "src\BoundedContexts\ProductCatalog\AGS.WindowsAndDoors.ProductCatalog.Domain\AGS.WindowsAndDoors.ProductCatalog.Domain.csproj", "{00000000-0000-0000-0000-000000000000}"
EndProject
Project("{FAE04EC0-301F-11D3-BF4B-00C04F79EFBC}") = "AGS.WindowsAndDoors.ProductCatalog.Application", "src\BoundedContexts\ProductCatalog\AGS.WindowsAndDoors.ProductCatalog.Application\AGS.WindowsAndDoors.ProductCatalog.Application.csproj", "{00000000-0000-0000-0000-000000000000}"
EndProject
Project("{FAE04EC0-301F-11D3-BF4B-00C04F79EFBC}") = "AGS.WindowsAndDoors.ProductCatalog.Infrastructure", "src\BoundedContexts\ProductCatalog\AGS.WindowsAndDoors.ProductCatalog.Infrastructure\AGS.WindowsAndDoors.ProductCatalog.Infrastructure.csproj", "{00000000-0000-0000-0000-000000000000}"
EndProject

# ProductDesign Bounded Context
Project("{2150E333-8FDC-42A3-9474-1A3956D46DE8}") = "ProductDesign", "ProductDesign", "{00000000-0000-0000-0000-000000000000}"
EndProject
Project("{FAE04EC0-301F-11D3-BF4B-00C04F79EFBC}") = "AGS.WindowsAndDoors.ProductDesign.Domain", "src\BoundedContexts\ProductDesign\AGS.WindowsAndDoors.ProductDesign.Domain\AGS.WindowsAndDoors.ProductDesign.Domain.csproj", "{00000000-0000-0000-0000-000000000000}"
EndProject
Project("{FAE04EC0-301F-11D3-BF4B-00C04F79EFBC}") = "AGS.WindowsAndDoors.ProductDesign.Application", "src\BoundedContexts\ProductDesign\AGS.WindowsAndDoors.ProductDesign.Application\AGS.WindowsAndDoors.ProductDesign.Application.csproj", "{00000000-0000-0000-0000-000000000000}"
EndProject
Project("{FAE04EC0-301F-11D3-BF4B-00C04F79EFBC}") = "AGS.WindowsAndDoors.ProductDesign.Infrastructure", "src\BoundedContexts\ProductDesign\AGS.WindowsAndDoors.ProductDesign.Infrastructure\AGS.WindowsAndDoors.ProductDesign.Infrastructure.csproj", "{00000000-0000-0000-0000-000000000000}"
EndProject

# OrderProcessing Bounded Context
Project("{2150E333-8FDC-42A3-9474-1A3956D46DE8}") = "OrderProcessing", "OrderProcessing", "{00000000-0000-0000-0000-000000000000}"
EndProject
Project("{FAE04EC0-301F-11D3-BF4B-00C04F79EFBC}") = "AGS.WindowsAndDoors.OrderProcessing.Domain", "src\BoundedContexts\OrderProcessing\AGS.WindowsAndDoors.OrderProcessing.Domain\AGS.WindowsAndDoors.OrderProcessing.Domain.csproj", "{00000000-0000-0000-0000-000000000000}"
EndProject
Project("{FAE04EC0-301F-11D3-BF4B-00C04F79EFBC}") = "AGS.WindowsAndDoors.OrderProcessing.Application", "src\BoundedContexts\OrderProcessing\AGS.WindowsAndDoors.OrderProcessing.Application\AGS.WindowsAndDoors.OrderProcessing.Application.csproj", "{00000000-0000-0000-0000-000000000000}"
EndProject
Project("{FAE04EC0-301F-11D3-BF4B-00C04F79EFBC}") = "AGS.WindowsAndDoors.OrderProcessing.Infrastructure", "src\BoundedContexts\OrderProcessing\AGS.WindowsAndDoors.OrderProcessing.Infrastructure\AGS.WindowsAndDoors.OrderProcessing.Infrastructure.csproj", "{00000000-0000-0000-0000-000000000000}"
EndProject

# =============================================================================
# PRESENTATION LAYER
# =============================================================================
Project("{2150E333-8FDC-42A3-9474-1A3956D46DE8}") = "Presentation", "Presentation", "{00000000-0000-0000-0000-000000000000}"
EndProject
Project("{2150E333-8FDC-42A3-9474-1A3956D46DE8}") = "Backend", "Backend", "{00000000-0000-0000-0000-000000000000}"
EndProject
Project("{FAE04EC0-301F-11D3-BF4B-00C04F79EFBC}") = "AGS.WindowsAndDoors.WebAPI", "src\Presentation\Backend\AGS.WindowsAndDoors.WebAPI\AGS.WindowsAndDoors.WebAPI.csproj", "{00000000-0000-0000-0000-000000000000}"
EndProject
Project("{2150E333-8FDC-42A3-9474-1A3956D46DE8}") = "Frontend", "Frontend", "{00000000-0000-0000-0000-000000000000}"
EndProject

Global
	GlobalSection(SolutionConfigurationPlatforms) = preSolution
		Debug|Any CPU = Debug|Any CPU
		Release|Any CPU = Release|Any CPU
	EndGlobalSection
	GlobalSection(ProjectConfigurationPlatforms) = postSolution
		{A0B1C2D3-E4F5-6G7H-8I9J-0K1L2M3N4O5P}.Debug|Any CPU.ActiveCfg = Debug|Any CPU
		{A0B1C2D3-E4F5-6G7H-8I9J-0K1L2M3N4O5P}.Debug|Any CPU.Build.0 = Debug|Any CPU
		{A0B1C2D3-E4F5-6G7H-8I9J-0K1L2M3N4O5P}.Release|Any CPU.ActiveCfg = Release|Any CPU
		{A0B1C2D3-E4F5-6G7H-8I9J-0K1L2M3N4O5P}.Release|Any CPU.Build.0 = Release|Any CPU
		{B1C2D3E4-F5G6-7H8I-9J0K-1L2M3N4O5P6Q}.Debug|Any CPU.ActiveCfg = Debug|Any CPU
		{B1C2D3E4-F5G6-7H8I-9J0K-1L2M3N4O5P6Q}.Debug|Any CPU.Build.0 = Debug|Any CPU
		{B1C2D3E4-F5G6-7H8I-9J0K-1L2M3N4O5P6Q}.Release|Any CPU.ActiveCfg = Release|Any CPU
		{B1C2D3E4-F5G6-7H8I-9J0K-1L2M3N4O5P6Q}.Release|Any CPU.Build.0 = Release|Any CPU
		{3D4E5F6G-7H8I-9J0K-1L2M-3N4O5P6Q7R8S}.Debug|Any CPU.ActiveCfg = Debug|Any CPU
		{3D4E5F6G-7H8I-9J0K-1L2M-3N4O5P6Q7R8S}.Debug|Any CPU.Build.0 = Debug|Any CPU
		{3D4E5F6G-7H8I-9J0K-1L2M-3N4O5P6Q7R8S}.Release|Any CPU.ActiveCfg = Release|Any CPU
		{3D4E5F6G-7H8I-9J0K-1L2M-3N4O5P6Q7R8S}.Release|Any CPU.Build.0 = Release|Any CPU
		{6G7H8I9J-0K1L-2M3N-4O5P-6Q7R8S9T0U1V}.Debug|Any CPU.ActiveCfg = Debug|Any CPU
		{6G7H8I9J-0K1L-2M3N-4O5P-6Q7R8S9T0U1V}.Debug|Any CPU.Build.0 = Debug|Any CPU
		{6G7H8I9J-0K1L-2M3N-4O5P-6Q7R8S9T0U1V}.Release|Any CPU.ActiveCfg = Release|Any CPU
		{6G7H8I9J-0K1L-2M3N-4O5P-6Q7R8S9T0U1V}.Release|Any CPU.Build.0 = Release|Any CPU
		{7H8I9J0K-1L2M-3N4O-5P6Q-7R8S9T0U1V2W}.Debug|Any CPU.ActiveCfg = Debug|Any CPU
		{7H8I9J0K-1L2M-3N4O-5P6Q-7R8S9T0U1V2W}.Debug|Any CPU.Build.0 = Debug|Any CPU
		{7H8I9J0K-1L2M-3N4O-5P6Q-7R8S9T0U1V2W}.Release|Any CPU.ActiveCfg = Release|Any CPU
		{7H8I9J0K-1L2M-3N4O-5P6Q-7R8S9T0U1V2W}.Release|Any CPU.Build.0 = Release|Any CPU
		{8I9J0K1L-2M3N-4O5P-6Q7R-8S9T0U1V2W3X}.Debug|Any CPU.ActiveCfg = Debug|Any CPU
		{8I9J0K1L-2M3N-4O5P-6Q7R-8S9T0U1V2W3X}.Debug|Any CPU.Build.0 = Debug|Any CPU
		{8I9J0K1L-2M3N-4O5P-6Q7R-8S9T0U1V2W3X}.Release|Any CPU.ActiveCfg = Release|Any CPU
		{8I9J0K1L-2M3N-4O5P-6Q7R-8S9T0U1V2W3X}.Release|Any CPU.Build.0 = Release|Any CPU
		{0K1L2M3N-4O5P-6Q7R-8S9T-0U1V2W3X4Y5Z}.Debug|Any CPU.ActiveCfg = Debug|Any CPU
		{0K1L2M3N-4O5P-6Q7R-8S9T-0U1V2W3X4Y5Z}.Debug|Any CPU.Build.0 = Debug|Any CPU
		{0K1L2M3N-4O5P-6Q7R-8S9T-0U1V2W3X4Y5Z}.Release|Any CPU.ActiveCfg = Release|Any CPU
		{0K1L2M3N-4O5P-6Q7R-8S9T-0U1V2W3X4Y5Z}.Release|Any CPU.Build.0 = Release|Any CPU
		{1L2M3N4O-5P6Q-7R8S-9T0U-1V2W3X4Y5Z6A}.Debug|Any CPU.ActiveCfg = Debug|Any CPU
		{1L2M3N4O-5P6Q-7R8S-9T0U-1V2W3X4Y5Z6A}.Debug|Any CPU.Build.0 = Debug|Any CPU
		{1L2M3N4O-5P6Q-7R8S-9T0U-1V2W3X4Y5Z6A}.Release|Any CPU.ActiveCfg = Release|Any CPU
		{1L2M3N4O-5P6Q-7R8S-9T0U-1V2W3X4Y5Z6A}.Release|Any CPU.Build.0 = Release|Any CPU
		{2M3N4O5P-6Q7R-8S9T-0U1V-2W3X4Y5Z6A7B}.Debug|Any CPU.ActiveCfg = Debug|Any CPU
		{2M3N4O5P-6Q7R-8S9T-0U1V-2W3X4Y5Z6A7B}.Debug|Any CPU.Build.0 = Debug|Any CPU
		{2M3N4O5P-6Q7R-8S9T-0U1V-2W3X4Y5Z6A7B}.Release|Any CPU.ActiveCfg = Release|Any CPU
		{2M3N4O5P-6Q7R-8S9T-0U1V-2W3X4Y5Z6A7B}.Release|Any CPU.Build.0 = Release|Any CPU
		{4O5P6Q7R-8S9T-0U1V-2W3X-4Y5Z6A7B8C9D}.Debug|Any CPU.ActiveCfg = Debug|Any CPU
		{4O5P6Q7R-8S9T-0U1V-2W3X-4Y5Z6A7B8C9D}.Debug|Any CPU.Build.0 = Debug|Any CPU
		{4O5P6Q7R-8S9T-0U1V-2W3X-4Y5Z6A7B8C9D}.Release|Any CPU.ActiveCfg = Release|Any CPU
		{4O5P6Q7R-8S9T-0U1V-2W3X-4Y5Z6A7B8C9D}.Release|Any CPU.Build.0 = Release|Any CPU
		{5P6Q7R8S-9T0U-1V2W-3X4Y-5Z6A7B8C9D0E}.Debug|Any CPU.ActiveCfg = Debug|Any CPU
		{5P6Q7R8S-9T0U-1V2W-3X4Y-5Z6A7B8C9D0E}.Debug|Any CPU.Build.0 = Debug|Any CPU
		{5P6Q7R8S-9T0U-1V2W-3X4Y-5Z6A7B8C9D0E}.Release|Any CPU.ActiveCfg = Release|Any CPU
		{5P6Q7R8S-9T0U-1V2W-3X4Y-5Z6A7B8C9D0E}.Release|Any CPU.Build.0 = Release|Any CPU
		{6Q7R8S9T-0U1V-2W3X-4Y5Z-6A7B8C9D0E1F}.Debug|Any CPU.ActiveCfg = Debug|Any CPU
		{6Q7R8S9T-0U1V-2W3X-4Y5Z-6A7B8C9D0E1F}.Debug|Any CPU.Build.0 = Debug|Any CPU
		{6Q7R8S9T-0U1V-2W3X-4Y5Z-6A7B8C9D0E1F}.Release|Any CPU.ActiveCfg = Release|Any CPU
		{6Q7R8S9T-0U1V-2W3X-4Y5Z-6A7B8C9D0E1F}.Release|Any CPU.Build.0 = Release|Any CPU
		{9T0U1V2W-3X4Y-5Z6A-7B8C-9D0E1F2G3H4I}.Debug|Any CPU.ActiveCfg = Debug|Any CPU
		{9T0U1V2W-3X4Y-5Z6A-7B8C-9D0E1F2G3H4I}.Debug|Any CPU.Build.0 = Debug|Any CPU
		{9T0U1V2W-3X4Y-5Z6A-7B8C-9D0E1F2G3H4I}.Release|Any CPU.ActiveCfg = Release|Any CPU
		{9T0U1V2W-3X4Y-5Z6A-7B8C-9D0E1F2G3H4I}.Release|Any CPU.Build.0 = Release|Any CPU
	EndGlobalSection
	GlobalSection(NestedProjects) = preSolution
		# Core Infrastructure projects under src
		{A0B1C2D3-E4F5-6G7H-8I9J-0K1L2M3N4O5P} = {1B2C3D4E-5F6G-7H8I-9J0K-1L2M3N4O5P6Q}
		{B1C2D3E4-F5G6-7H8I-9J0K-1L2M3N4O5P6Q} = {1B2C3D4E-5F6G-7H8I-9J0K-1L2M3N4O5P6Q}
		# SharedKernel folder under src
		{2C3D4E5F-6G7H-8I9J-0K1L-2M3N4O5P6Q7R} = {1B2C3D4E-5F6G-7H8I-9J0K-1L2M3N4O5P6Q}
		# SharedKernel project under SharedKernel folder
		{3D4E5F6G-7H8I-9J0K-1L2M-3N4O5P6Q7R8S} = {2C3D4E5F-6G7H-8I9J-0K1L-2M3N4O5P6Q7R}
		# BoundedContexts folder under src
		{4E5F6G7H-8I9J-0K1L-2M3N-4O5P6Q7R8S9T} = {1B2C3D4E-5F6G-7H8I-9J0K-1L2M3N4O5P6Q}
		# ProductCatalog folder under BoundedContexts
		{5F6G7H8I-9J0K-1L2M-3N4O-5P6Q7R8S9T0U} = {4E5F6G7H-8I9J-0K1L-2M3N-4O5P6Q7R8S9T}
		# ProductCatalog projects under ProductCatalog folder
		{6G7H8I9J-0K1L-2M3N-4O5P-6Q7R8S9T0U1V} = {5F6G7H8I-9J0K-1L2M-3N4O-5P6Q7R8S9T0U}
		{7H8I9J0K-1L2M-3N4O-5P6Q-7R8S9T0U1V2W} = {5F6G7H8I-9J0K-1L2M-3N4O-5P6Q7R8S9T0U}
		{8I9J0K1L-2M3N-4O5P-6Q7R-8S9T0U1V2W3X} = {5F6G7H8I-9J0K-1L2M-3N4O-5P6Q7R8S9T0U}
		# ProductDesign folder under BoundedContexts
		{9J0K1L2M-3N4O-5P6Q-7R8S-9T0U1V2W3X4Y} = {4E5F6G7H-8I9J-0K1L-2M3N-4O5P6Q7R8S9T}
		# ProductDesign projects under ProductDesign folder
		{0K1L2M3N-4O5P-6Q7R-8S9T-0U1V2W3X4Y5Z} = {9J0K1L2M-3N4O-5P6Q-7R8S-9T0U1V2W3X4Y}
		{1L2M3N4O-5P6Q-7R8S-9T0U-1V2W3X4Y5Z6A} = {9J0K1L2M-3N4O-5P6Q-7R8S-9T0U1V2W3X4Y}
		{2M3N4O5P-6Q7R-8S9T-0U1V-2W3X4Y5Z6A7B} = {9J0K1L2M-3N4O-5P6Q-7R8S-9T0U1V2W3X4Y}
		# OrderProcessing folder under BoundedContexts
		{3N4O5P6Q-7R8S-9T0U-1V2W-3X4Y5Z6A7B8C} = {4E5F6G7H-8I9J-0K1L-2M3N-4O5P6Q7R8S9T}
		# OrderProcessing projects under OrderProcessing folder
		{4O5P6Q7R-8S9T-0U1V-2W3X-4Y5Z6A7B8C9D} = {3N4O5P6Q-7R8S-9T0U-1V2W-3X4Y5Z6A7B8C}
		{5P6Q7R8S-9T0U-1V2W-3X4Y-5Z6A7B8C9D0E} = {3N4O5P6Q-7R8S-9T0U-1V2W-3X4Y5Z6A7B8C}
		{6Q7R8S9T-0U1V-2W3X-4Y5Z-6A7B8C9D0E1F} = {3N4O5P6Q-7R8S-9T0U-1V2W-3X4Y5Z6A7B8C}
		# Presentation folder under src
		{7R8S9T0U-1V2W-3X4Y-5Z6A-7B8C9D0E1F2G} = {1B2C3D4E-5F6G-7H8I-9J0K-1L2M3N4O5P6Q}
		# Backend folder under Presentation
		{8S9T0U1V-2W3X-4Y5Z-6A7B-8C9D0E1F2G3H} = {7R8S9T0U-1V2W-3X4Y-5Z6A-7B8C9D0E1F2G}
		# WebAPI project under Backend folder
		{9T0U1V2W-3X4Y-5Z6A-7B8C-9D0E1F2G3H4I} = {8S9T0U1V-2W3X-4Y5Z-6A7B-8C9D0E1F2G3H}
		# Frontend folder under Presentation (empty for now)
		{C1D2E3F4-G5H6-I7J8-K9L0-M1N2O3P4Q5R6} = {7R8S9T0U-1V2W-3X4Y-5Z6A-7B8C9D0E1F2G}
		{00000000-0000-0000-0000-000000000000} = {00000000-0000-0000-0000-000000000000}
	EndGlobalSection
EndGlobal
