
Microsoft Visual Studio Solution File, Format Version 12.00
# Visual Studio Version 17
VisualStudioVersion = 17.0.31903.59
MinimumVisualStudioVersion = 10.0.40219.1
Project("{2150E333-8FDC-42A3-9474-1A3956D46DE8}") = "SharedKernel", "SharedKernel", "{FAF2C088-2806-4B9D-A696-C88D784447B4}"
EndProject
Project("{2150E333-8FDC-42A3-9474-1A3956D46DE8}") = "BoundedContexts", "BoundedContexts", "{0C735ACB-D402-40C7-8F9B-0485E8C6F3DC}"
EndProject
Project("{2150E333-8FDC-42A3-9474-1A3956D46DE8}") = "ProductCatalog", "ProductCatalog", "{94991510-2CE2-4F5A-8E0A-D1979D36D7A3}"
EndProject
Project("{FAE04EC0-301F-11D3-BF4B-00C04F79EFBC}") = "AGS.WindowsAndDoors.ProductCatalog.Domain", "src\BoundedContexts\ProductCatalog\AGS.WindowsAndDoors.ProductCatalog.Domain\AGS.WindowsAndDoors.ProductCatalog.Domain.csproj", "{65CAF07D-A132-4AF1-8089-9CE3FDBE92A6}"
EndProject
Project("{FAE04EC0-301F-11D3-BF4B-00C04F79EFBC}") = "AGS.WindowsAndDoors.ProductCatalog.Application", "src\BoundedContexts\ProductCatalog\AGS.WindowsAndDoors.ProductCatalog.Application\AGS.WindowsAndDoors.ProductCatalog.Application.csproj", "{76449D28-0C29-46A8-A22F-C9DC6E83978B}"
EndProject
Project("{FAE04EC0-301F-11D3-BF4B-00C04F79EFBC}") = "AGS.WindowsAndDoors.ProductCatalog.Infrastructure", "src\BoundedContexts\ProductCatalog\AGS.WindowsAndDoors.ProductCatalog.Infrastructure\AGS.WindowsAndDoors.ProductCatalog.Infrastructure.csproj", "{02A5D7AA-28B5-45AE-9F01-9ABF5F56220A}"
EndProject
Project("{FAE04EC0-301F-11D3-BF4B-00C04F79EFBC}") = "AGS.WindowsAndDoors.ProductCatalog.Tests", "src\BoundedContexts\ProductCatalog\AGS.WindowsAndDoors.ProductCatalog.Tests\AGS.WindowsAndDoors.ProductCatalog.Tests.csproj", "{479711FC-D4B1-4033-B6CA-44B36EC36606}"
EndProject
Project("{2150E333-8FDC-42A3-9474-1A3956D46DE8}") = "ProductDesign", "ProductDesign", "{8520EBA5-6EFB-4420-9A86-E42C0BE2C89C}"
EndProject
Project("{FAE04EC0-301F-11D3-BF4B-00C04F79EFBC}") = "AGS.WindowsAndDoors.SharedKernel", "src\SharedKernel\AGS.WindowsAndDoors.SharedKernel\AGS.WindowsAndDoors.SharedKernel.csproj", "{32252427-2293-45AA-ABDA-C20B0F83E59D}"
EndProject
Project("{FAE04EC0-301F-11D3-BF4B-00C04F79EFBC}") = "AGS.WindowsAndDoors.ProductDesign.Domain", "src\BoundedContexts\ProductDesign\AGS.WindowsAndDoors.ProductDesign.Domain\AGS.WindowsAndDoors.ProductDesign.Domain.csproj", "{41992E0A-B24C-428E-904E-1F03B6477CA0}"
EndProject
Project("{FAE04EC0-301F-11D3-BF4B-00C04F79EFBC}") = "AGS.WindowsAndDoors.ProductDesign.Application", "src\BoundedContexts\ProductDesign\AGS.WindowsAndDoors.ProductDesign.Application\AGS.WindowsAndDoors.ProductDesign.Application.csproj", "{840BECD0-29BC-4CD0-AD53-8EAAC0F7C3CA}"
EndProject
Project("{FAE04EC0-301F-11D3-BF4B-00C04F79EFBC}") = "AGS.WindowsAndDoors.ProductDesign.Infrastructure", "src\BoundedContexts\ProductDesign\AGS.WindowsAndDoors.ProductDesign.Infrastructure\AGS.WindowsAndDoors.ProductDesign.Infrastructure.csproj", "{0E9C957E-E3E9-4CEB-AE84-FA132D2B5DFE}"
EndProject
Project("{2150E333-8FDC-42A3-9474-1A3956D46DE8}") = "OrderProcessing", "OrderProcessing", "{6DCED9DD-EE59-48A2-A746-46125448FFFD}"
EndProject
Project("{FAE04EC0-301F-11D3-BF4B-00C04F79EFBC}") = "AGS.WindowsAndDoors.OrderProcessing.Domain", "src\BoundedContexts\OrderProcessing\AGS.WindowsAndDoors.OrderProcessing.Domain\AGS.WindowsAndDoors.OrderProcessing.Domain.csproj", "{C2DBE3B1-805F-44E0-BAFC-FCE4687B604A}"
EndProject
Project("{FAE04EC0-301F-11D3-BF4B-00C04F79EFBC}") = "AGS.WindowsAndDoors.OrderProcessing.Application", "src\BoundedContexts\OrderProcessing\AGS.WindowsAndDoors.OrderProcessing.Application\AGS.WindowsAndDoors.OrderProcessing.Application.csproj", "{F721FC84-C3E8-44A8-B9E7-F8436A375379}"
EndProject
Project("{FAE04EC0-301F-11D3-BF4B-00C04F79EFBC}") = "AGS.WindowsAndDoors.OrderProcessing.Infrastructure", "src\BoundedContexts\OrderProcessing\AGS.WindowsAndDoors.OrderProcessing.Infrastructure\AGS.WindowsAndDoors.OrderProcessing.Infrastructure.csproj", "{6582A01C-8E47-4738-B36A-32A516670D38}"
EndProject
Project("{2150E333-8FDC-42A3-9474-1A3956D46DE8}") = "Presentation", "Presentation", "{D7A6CC26-DD52-4030-88EC-8238AA6F6E26}"
EndProject
Project("{2150E333-8FDC-42A3-9474-1A3956D46DE8}") = "Backend", "Backend", "{443B99C0-FE2A-459B-9C43-8561CE8F5023}"
EndProject
Project("{2150E333-8FDC-42A3-9474-1A3956D46DE8}") = "Frontend", "Frontend", "{0BA28E29-7A5E-4489-863B-07554BFDA868}"
EndProject
Project("{FAE04EC0-301F-11D3-BF4B-00C04F79EFBC}") = "AGS.WindowsAndDoors.WebAPI", "src\Presentation\Backend\AGS.WindowsAndDoors.WebAPI\AGS.WindowsAndDoors.WebAPI.csproj", "{EB151535-B994-4009-8845-3891C4F0EA56}"
EndProject
Project("{FAE04EC0-301F-11D3-BF4B-00C04F79EFBC}") = "AppHost", "src\AppHost\AppHost.csproj", "{C5EE35D8-15D5-418F-A690-7EC862DFEE8D}"
EndProject
Project("{FAE04EC0-301F-11D3-BF4B-00C04F79EFBC}") = "ServiceDefaults", "src\ServiceDefaults\ServiceDefaults.csproj", "{A8599CAF-71D0-4798-918F-8FCFA8913DB2}"
EndProject
Project("{FAE04EC0-301F-11D3-BF4B-00C04F79EFBC}") = "AGS.WindowsAndDoors.SharedKernel.Testing", "src\SharedKernel\AGS.WindowsAndDoors.SharedKernel.Testing\AGS.WindowsAndDoors.SharedKernel.Testing.csproj", "{016431EF-C0D5-4EDA-A793-892E9370903E}"
EndProject
Global
	GlobalSection(SolutionConfigurationPlatforms) = preSolution
		Debug|Any CPU = Debug|Any CPU
		Release|Any CPU = Release|Any CPU
	EndGlobalSection
	GlobalSection(SolutionProperties) = preSolution
		HideSolutionNode = FALSE
	EndGlobalSection
	GlobalSection(NestedProjects) = preSolution
		{94991510-2CE2-4F5A-8E0A-D1979D36D7A3} = {0C735ACB-D402-40C7-8F9B-0485E8C6F3DC}
		{65CAF07D-A132-4AF1-8089-9CE3FDBE92A6} = {94991510-2CE2-4F5A-8E0A-D1979D36D7A3}
		{76449D28-0C29-46A8-A22F-C9DC6E83978B} = {94991510-2CE2-4F5A-8E0A-D1979D36D7A3}
		{02A5D7AA-28B5-45AE-9F01-9ABF5F56220A} = {94991510-2CE2-4F5A-8E0A-D1979D36D7A3}
		{479711FC-D4B1-4033-B6CA-44B36EC36606} = {94991510-2CE2-4F5A-8E0A-D1979D36D7A3}
		{8520EBA5-6EFB-4420-9A86-E42C0BE2C89C} = {0C735ACB-D402-40C7-8F9B-0485E8C6F3DC}
		{32252427-2293-45AA-ABDA-C20B0F83E59D} = {FAF2C088-2806-4B9D-A696-C88D784447B4}
		{41992E0A-B24C-428E-904E-1F03B6477CA0} = {8520EBA5-6EFB-4420-9A86-E42C0BE2C89C}
		{840BECD0-29BC-4CD0-AD53-8EAAC0F7C3CA} = {8520EBA5-6EFB-4420-9A86-E42C0BE2C89C}
		{0E9C957E-E3E9-4CEB-AE84-FA132D2B5DFE} = {8520EBA5-6EFB-4420-9A86-E42C0BE2C89C}
		{6DCED9DD-EE59-48A2-A746-46125448FFFD} = {0C735ACB-D402-40C7-8F9B-0485E8C6F3DC}
		{C2DBE3B1-805F-44E0-BAFC-FCE4687B604A} = {6DCED9DD-EE59-48A2-A746-46125448FFFD}
		{F721FC84-C3E8-44A8-B9E7-F8436A375379} = {6DCED9DD-EE59-48A2-A746-46125448FFFD}
		{6582A01C-8E47-4738-B36A-32A516670D38} = {6DCED9DD-EE59-48A2-A746-46125448FFFD}
		{443B99C0-FE2A-459B-9C43-8561CE8F5023} = {D7A6CC26-DD52-4030-88EC-8238AA6F6E26}
		{0BA28E29-7A5E-4489-863B-07554BFDA868} = {D7A6CC26-DD52-4030-88EC-8238AA6F6E26}
		{EB151535-B994-4009-8845-3891C4F0EA56} = {443B99C0-FE2A-459B-9C43-8561CE8F5023}
		{016431EF-C0D5-4EDA-A793-892E9370903E} = {FAF2C088-2806-4B9D-A696-C88D784447B4}
	EndGlobalSection
	GlobalSection(ProjectConfigurationPlatforms) = postSolution
		{65CAF07D-A132-4AF1-8089-9CE3FDBE92A6}.Debug|Any CPU.ActiveCfg = Debug|Any CPU
		{65CAF07D-A132-4AF1-8089-9CE3FDBE92A6}.Debug|Any CPU.Build.0 = Debug|Any CPU
		{65CAF07D-A132-4AF1-8089-9CE3FDBE92A6}.Release|Any CPU.ActiveCfg = Release|Any CPU
		{65CAF07D-A132-4AF1-8089-9CE3FDBE92A6}.Release|Any CPU.Build.0 = Release|Any CPU
		{76449D28-0C29-46A8-A22F-C9DC6E83978B}.Debug|Any CPU.ActiveCfg = Debug|Any CPU
		{76449D28-0C29-46A8-A22F-C9DC6E83978B}.Debug|Any CPU.Build.0 = Debug|Any CPU
		{76449D28-0C29-46A8-A22F-C9DC6E83978B}.Release|Any CPU.ActiveCfg = Release|Any CPU
		{76449D28-0C29-46A8-A22F-C9DC6E83978B}.Release|Any CPU.Build.0 = Release|Any CPU
		{02A5D7AA-28B5-45AE-9F01-9ABF5F56220A}.Debug|Any CPU.ActiveCfg = Debug|Any CPU
		{02A5D7AA-28B5-45AE-9F01-9ABF5F56220A}.Debug|Any CPU.Build.0 = Debug|Any CPU
		{02A5D7AA-28B5-45AE-9F01-9ABF5F56220A}.Release|Any CPU.ActiveCfg = Release|Any CPU
		{02A5D7AA-28B5-45AE-9F01-9ABF5F56220A}.Release|Any CPU.Build.0 = Release|Any CPU
		{479711FC-D4B1-4033-B6CA-44B36EC36606}.Debug|Any CPU.ActiveCfg = Debug|Any CPU
		{479711FC-D4B1-4033-B6CA-44B36EC36606}.Debug|Any CPU.Build.0 = Debug|Any CPU
		{479711FC-D4B1-4033-B6CA-44B36EC36606}.Release|Any CPU.ActiveCfg = Release|Any CPU
		{479711FC-D4B1-4033-B6CA-44B36EC36606}.Release|Any CPU.Build.0 = Release|Any CPU
		{32252427-2293-45AA-ABDA-C20B0F83E59D}.Debug|Any CPU.ActiveCfg = Debug|Any CPU
		{32252427-2293-45AA-ABDA-C20B0F83E59D}.Debug|Any CPU.Build.0 = Debug|Any CPU
		{32252427-2293-45AA-ABDA-C20B0F83E59D}.Release|Any CPU.ActiveCfg = Release|Any CPU
		{32252427-2293-45AA-ABDA-C20B0F83E59D}.Release|Any CPU.Build.0 = Release|Any CPU
		{41992E0A-B24C-428E-904E-1F03B6477CA0}.Debug|Any CPU.ActiveCfg = Debug|Any CPU
		{41992E0A-B24C-428E-904E-1F03B6477CA0}.Debug|Any CPU.Build.0 = Debug|Any CPU
		{41992E0A-B24C-428E-904E-1F03B6477CA0}.Release|Any CPU.ActiveCfg = Release|Any CPU
		{41992E0A-B24C-428E-904E-1F03B6477CA0}.Release|Any CPU.Build.0 = Release|Any CPU
		{840BECD0-29BC-4CD0-AD53-8EAAC0F7C3CA}.Debug|Any CPU.ActiveCfg = Debug|Any CPU
		{840BECD0-29BC-4CD0-AD53-8EAAC0F7C3CA}.Debug|Any CPU.Build.0 = Debug|Any CPU
		{840BECD0-29BC-4CD0-AD53-8EAAC0F7C3CA}.Release|Any CPU.ActiveCfg = Release|Any CPU
		{840BECD0-29BC-4CD0-AD53-8EAAC0F7C3CA}.Release|Any CPU.Build.0 = Release|Any CPU
		{0E9C957E-E3E9-4CEB-AE84-FA132D2B5DFE}.Debug|Any CPU.ActiveCfg = Debug|Any CPU
		{0E9C957E-E3E9-4CEB-AE84-FA132D2B5DFE}.Debug|Any CPU.Build.0 = Debug|Any CPU
		{0E9C957E-E3E9-4CEB-AE84-FA132D2B5DFE}.Release|Any CPU.ActiveCfg = Release|Any CPU
		{0E9C957E-E3E9-4CEB-AE84-FA132D2B5DFE}.Release|Any CPU.Build.0 = Release|Any CPU
		{C2DBE3B1-805F-44E0-BAFC-FCE4687B604A}.Debug|Any CPU.ActiveCfg = Debug|Any CPU
		{C2DBE3B1-805F-44E0-BAFC-FCE4687B604A}.Debug|Any CPU.Build.0 = Debug|Any CPU
		{C2DBE3B1-805F-44E0-BAFC-FCE4687B604A}.Release|Any CPU.ActiveCfg = Release|Any CPU
		{C2DBE3B1-805F-44E0-BAFC-FCE4687B604A}.Release|Any CPU.Build.0 = Release|Any CPU
		{F721FC84-C3E8-44A8-B9E7-F8436A375379}.Debug|Any CPU.ActiveCfg = Debug|Any CPU
		{F721FC84-C3E8-44A8-B9E7-F8436A375379}.Debug|Any CPU.Build.0 = Debug|Any CPU
		{F721FC84-C3E8-44A8-B9E7-F8436A375379}.Release|Any CPU.ActiveCfg = Release|Any CPU
		{F721FC84-C3E8-44A8-B9E7-F8436A375379}.Release|Any CPU.Build.0 = Release|Any CPU
		{6582A01C-8E47-4738-B36A-32A516670D38}.Debug|Any CPU.ActiveCfg = Debug|Any CPU
		{6582A01C-8E47-4738-B36A-32A516670D38}.Debug|Any CPU.Build.0 = Debug|Any CPU
		{6582A01C-8E47-4738-B36A-32A516670D38}.Release|Any CPU.ActiveCfg = Release|Any CPU
		{6582A01C-8E47-4738-B36A-32A516670D38}.Release|Any CPU.Build.0 = Release|Any CPU
		{EB151535-B994-4009-8845-3891C4F0EA56}.Debug|Any CPU.ActiveCfg = Debug|Any CPU
		{EB151535-B994-4009-8845-3891C4F0EA56}.Debug|Any CPU.Build.0 = Debug|Any CPU
		{EB151535-B994-4009-8845-3891C4F0EA56}.Release|Any CPU.ActiveCfg = Release|Any CPU
		{EB151535-B994-4009-8845-3891C4F0EA56}.Release|Any CPU.Build.0 = Release|Any CPU
		{C5EE35D8-15D5-418F-A690-7EC862DFEE8D}.Debug|Any CPU.ActiveCfg = Debug|Any CPU
		{C5EE35D8-15D5-418F-A690-7EC862DFEE8D}.Debug|Any CPU.Build.0 = Debug|Any CPU
		{C5EE35D8-15D5-418F-A690-7EC862DFEE8D}.Release|Any CPU.ActiveCfg = Release|Any CPU
		{C5EE35D8-15D5-418F-A690-7EC862DFEE8D}.Release|Any CPU.Build.0 = Release|Any CPU
		{A8599CAF-71D0-4798-918F-8FCFA8913DB2}.Debug|Any CPU.ActiveCfg = Debug|Any CPU
		{A8599CAF-71D0-4798-918F-8FCFA8913DB2}.Debug|Any CPU.Build.0 = Debug|Any CPU
		{A8599CAF-71D0-4798-918F-8FCFA8913DB2}.Release|Any CPU.ActiveCfg = Release|Any CPU
		{A8599CAF-71D0-4798-918F-8FCFA8913DB2}.Release|Any CPU.Build.0 = Release|Any CPU
		{016431EF-C0D5-4EDA-A793-892E9370903E}.Debug|Any CPU.ActiveCfg = Debug|Any CPU
		{016431EF-C0D5-4EDA-A793-892E9370903E}.Debug|Any CPU.Build.0 = Debug|Any CPU
		{016431EF-C0D5-4EDA-A793-892E9370903E}.Release|Any CPU.ActiveCfg = Release|Any CPU
		{016431EF-C0D5-4EDA-A793-892E9370903E}.Release|Any CPU.Build.0 = Release|Any CPU
	EndGlobalSection
EndGlobal
